
Microsoft Visual Studio Solution File, Format Version 12.00
# Visual Studio Version 17
VisualStudioVersion = 17.2.32526.322
MinimumVisualStudioVersion = 10.0.40219.1
Project("{8BC9CEB8-8B4A-11D0-8D11-00A0C91BC942}") = "memory_management_dll", "memory_management_dll.vcxproj", "{EB881052-BF16-4AF7-A97D-8F080637BF48}"
EndProject
Global
	GlobalSection(SolutionConfigurationPlatforms) = preSolution
		Debug|x64 = Debug|x64
		Debug|x86 = Debug|x86
		Release|x64 = Release|x64
		Release|x86 = Release|x86
	EndGlobalSection
	GlobalSection(ProjectConfigurationPlatforms) = postSolution
		{EB881052-BF16-4AF7-A97D-8F080637BF48}.Debug|x64.ActiveCfg = Debug|x64
		{EB881052-BF16-4AF7-A97D-8F080637BF48}.Debug|x64.Build.0 = Debug|x64
		{EB881052-BF16-4AF7-A97D-8F080637BF48}.Debug|x86.ActiveCfg = Debug|Win32
		{EB881052-BF16-4AF7-A97D-8F080637BF48}.Debug|x86.Build.0 = Debug|Win32
		{EB881052-BF16-4AF7-A97D-8F080637BF48}.Release|x64.ActiveCfg = Release|x64
		{EB881052-BF16-4AF7-A97D-8F080637BF48}.Release|x64.Build.0 = Release|x64
		{EB881052-BF16-4AF7-A97D-8F080637BF48}.Release|x86.ActiveCfg = Release|Win32
		{EB881052-BF16-4AF7-A97D-8F080637BF48}.Release|x86.Build.0 = Release|Win32
	EndGlobalSection
	GlobalSection(SolutionProperties) = preSolution
		HideSolutionNode = FALSE
	EndGlobalSection
	GlobalSection(ExtensibilityGlobals) = postSolution
		SolutionGuid = {0C5D32E8-F56C-4254-AD16-B98F2E024A05}
	EndGlobalSection
EndGlobal
